// !$*UTF8*$!
{
	archiveVersion = 1;
	classes = {
	};
	objectVersion = 50;
	objects = {

/* Begin PBXBuildFile section */
		4A28BF81272C9A990062147A /* History.swift in Sources */ = {isa = PBXBuildFile; fileRef = 4A28BF80272C9A990062147A /* History.swift */; };
		4A792900272C66530022179A /* myCustomButton.swift in Sources */ = {isa = PBXBuildFile; fileRef = 4A7928FE272C66530022179A /* myCustomButton.swift */; };
		4A792901272C66530022179A /* myCustomTableViewCell.swift in Sources */ = {isa = PBXBuildFile; fileRef = 4A7928FF272C66530022179A /* myCustomTableViewCell.swift */; };
		4A7E43EB2727251E0085C332 /* AppDelegate.swift in Sources */ = {isa = PBXBuildFile; fileRef = 4A7E43EA2727251E0085C332 /* AppDelegate.swift */; };
		4A7E43ED2727251E0085C332 /* SceneDelegate.swift in Sources */ = {isa = PBXBuildFile; fileRef = 4A7E43EC2727251E0085C332 /* SceneDelegate.swift */; };
		4A7E43EF2727251E0085C332 /* ViewController.swift in Sources */ = {isa = PBXBuildFile; fileRef = 4A7E43EE2727251E0085C332 /* ViewController.swift */; };
		4A7E43F22727251E0085C332 /* Main.storyboard in Resources */ = {isa = PBXBuildFile; fileRef = 4A7E43F02727251E0085C332 /* Main.storyboard */; };
		4A7E43F42727252B0085C332 /* Assets.xcassets in Resources */ = {isa = PBXBuildFile; fileRef = 4A7E43F32727252B0085C332 /* Assets.xcassets */; };
		4A7E43F72727252B0085C332 /* LaunchScreen.storyboard in Resources */ = {isa = PBXBuildFile; fileRef = 4A7E43F52727252B0085C332 /* LaunchScreen.storyboard */; };
		4A7E44022727252B0085C332 /* Assignment2_MitTests.swift in Sources */ = {isa = PBXBuildFile; fileRef = 4A7E44012727252B0085C332 /* Assignment2_MitTests.swift */; };
		4A7E440D2727252B0085C332 /* Assignment2_MitUITests.swift in Sources */ = {isa = PBXBuildFile; fileRef = 4A7E440C2727252B0085C332 /* Assignment2_MitUITests.swift */; };
		4A8A787027274AA10057C207 /* Item.swift in Sources */ = {isa = PBXBuildFile; fileRef = 4A8A786F27274AA10057C207 /* Item.swift */; };
		4A8A787827274CFC0057C207 /* Manager.swift in Sources */ = {isa = PBXBuildFile; fileRef = 4A8A787727274CFC0057C207 /* Manager.swift */; };
		4AE25A48272C7E8400CFCCAD /* ManagerViewController.swift in Sources */ = {isa = PBXBuildFile; fileRef = 4AE25A47272C7E8400CFCCAD /* ManagerViewController.swift */; };
		4AE25A4D272C868A00CFCCAD /* HistoryItemViewController.swift in Sources */ = {isa = PBXBuildFile; fileRef = 4AE25A4C272C868A00CFCCAD /* HistoryItemViewController.swift */; };
		4AE25A52272C87DA00CFCCAD /* RestockViewController.swift in Sources */ = {isa = PBXBuildFile; fileRef = 4AE25A51272C87DA00CFCCAD /* RestockViewController.swift */; };
/* End PBXBuildFile section */

/* Begin PBXContainerItemProxy section */
		4A7E43FE2727252B0085C332 /* PBXContainerItemProxy */ = {
			isa = PBXContainerItemProxy;
			containerPortal = 4A7E43DF2727251E0085C332 /* Project object */;
			proxyType = 1;
			remoteGlobalIDString = 4A7E43E62727251E0085C332;
			remoteInfo = Assignment2_Mit;
		};
		4A7E44092727252B0085C332 /* PBXContainerItemProxy */ = {
			isa = PBXContainerItemProxy;
			containerPortal = 4A7E43DF2727251E0085C332 /* Project object */;
			proxyType = 1;
			remoteGlobalIDString = 4A7E43E62727251E0085C332;
			remoteInfo = Assignment2_Mit;
		};
/* End PBXContainerItemProxy section */

/* Begin PBXFileReference section */
		4A28BF80272C9A990062147A /* History.swift */ = {isa = PBXFileReference; lastKnownFileType = sourcecode.swift; path = History.swift; sourceTree = "<group>"; };
		4A7928FE272C66530022179A /* myCustomButton.swift */ = {isa = PBXFileReference; fileEncoding = 4; lastKnownFileType = sourcecode.swift; name = myCustomButton.swift; path = ../../../../../../Downloads/myCustomButton.swift; sourceTree = "<group>"; };
		4A7928FF272C66530022179A /* myCustomTableViewCell.swift */ = {isa = PBXFileReference; fileEncoding = 4; lastKnownFileType = sourcecode.swift; name = myCustomTableViewCell.swift; path = ../../../../../../Downloads/myCustomTableViewCell.swift; sourceTree = "<group>"; };
		4A7E43E72727251E0085C332 /* Assignment2_Mit.app */ = {isa = PBXFileReference; explicitFileType = wrapper.application; includeInIndex = 0; path = Assignment2_Mit.app; sourceTree = BUILT_PRODUCTS_DIR; };
		4A7E43EA2727251E0085C332 /* AppDelegate.swift */ = {isa = PBXFileReference; lastKnownFileType = sourcecode.swift; path = AppDelegate.swift; sourceTree = "<group>"; };
		4A7E43EC2727251E0085C332 /* SceneDelegate.swift */ = {isa = PBXFileReference; lastKnownFileType = sourcecode.swift; path = SceneDelegate.swift; sourceTree = "<group>"; };
		4A7E43EE2727251E0085C332 /* ViewController.swift */ = {isa = PBXFileReference; lastKnownFileType = sourcecode.swift; path = ViewController.swift; sourceTree = "<group>"; };
		4A7E43F12727251E0085C332 /* Base */ = {isa = PBXFileReference; lastKnownFileType = file.storyboard; name = Base; path = Base.lproj/Main.storyboard; sourceTree = "<group>"; };
		4A7E43F32727252B0085C332 /* Assets.xcassets */ = {isa = PBXFileReference; lastKnownFileType = folder.assetcatalog; path = Assets.xcassets; sourceTree = "<group>"; };
		4A7E43F62727252B0085C332 /* Base */ = {isa = PBXFileReference; lastKnownFileType = file.storyboard; name = Base; path = Base.lproj/LaunchScreen.storyboard; sourceTree = "<group>"; };
		4A7E43F82727252B0085C332 /* Info.plist */ = {isa = PBXFileReference; lastKnownFileType = text.plist.xml; path = Info.plist; sourceTree = "<group>"; };
		4A7E43FD2727252B0085C332 /* Assignment2_MitTests.xctest */ = {isa = PBXFileReference; explicitFileType = wrapper.cfbundle; includeInIndex = 0; path = Assignment2_MitTests.xctest; sourceTree = BUILT_PRODUCTS_DIR; };
		4A7E44012727252B0085C332 /* Assignment2_MitTests.swift */ = {isa = PBXFileReference; lastKnownFileType = sourcecode.swift; path = Assignment2_MitTests.swift; sourceTree = "<group>"; };
		4A7E44032727252B0085C332 /* Info.plist */ = {isa = PBXFileReference; lastKnownFileType = text.plist.xml; path = Info.plist; sourceTree = "<group>"; };
		4A7E44082727252B0085C332 /* Assignment2_MitUITests.xctest */ = {isa = PBXFileReference; explicitFileType = wrapper.cfbundle; includeInIndex = 0; path = Assignment2_MitUITests.xctest; sourceTree = BUILT_PRODUCTS_DIR; };
		4A7E440C2727252B0085C332 /* Assignment2_MitUITests.swift */ = {isa = PBXFileReference; lastKnownFileType = sourcecode.swift; path = Assignment2_MitUITests.swift; sourceTree = "<group>"; };
		4A7E440E2727252B0085C332 /* Info.plist */ = {isa = PBXFileReference; lastKnownFileType = text.plist.xml; path = Info.plist; sourceTree = "<group>"; };
		4A8A786F27274AA10057C207 /* Item.swift */ = {isa = PBXFileReference; lastKnownFileType = sourcecode.swift; path = Item.swift; sourceTree = "<group>"; };
		4A8A787727274CFC0057C207 /* Manager.swift */ = {isa = PBXFileReference; lastKnownFileType = sourcecode.swift; path = Manager.swift; sourceTree = "<group>"; };
		4AE25A47272C7E8400CFCCAD /* ManagerViewController.swift */ = {isa = PBXFileReference; lastKnownFileType = sourcecode.swift; path = ManagerViewController.swift; sourceTree = "<group>"; };
		4AE25A4C272C868A00CFCCAD /* HistoryItemViewController.swift */ = {isa = PBXFileReference; lastKnownFileType = sourcecode.swift; path = HistoryItemViewController.swift; sourceTree = "<group>"; };
		4AE25A51272C87DA00CFCCAD /* RestockViewController.swift */ = {isa = PBXFileReference; lastKnownFileType = sourcecode.swift; path = RestockViewController.swift; sourceTree = "<group>"; };
/* End PBXFileReference section */

/* Begin PBXFrameworksBuildPhase section */
		4A7E43E42727251E0085C332 /* Frameworks */ = {
			isa = PBXFrameworksBuildPhase;
			buildActionMask = 2147483647;
			files = (
			);
			runOnlyForDeploymentPostprocessing = 0;
		};
		4A7E43FA2727252B0085C332 /* Frameworks */ = {
			isa = PBXFrameworksBuildPhase;
			buildActionMask = 2147483647;
			files = (
			);
			runOnlyForDeploymentPostprocessing = 0;
		};
		4A7E44052727252B0085C332 /* Frameworks */ = {
			isa = PBXFrameworksBuildPhase;
			buildActionMask = 2147483647;
			files = (
			);
			runOnlyForDeploymentPostprocessing = 0;
		};
/* End PBXFrameworksBuildPhase section */

/* Begin PBXGroup section */
		4A7E43DE2727251E0085C332 = {
			isa = PBXGroup;
			children = (
				4A7E43E92727251E0085C332 /* Assignment2_Mit */,
				4A7E44002727252B0085C332 /* Assignment2_MitTests */,
				4A7E440B2727252B0085C332 /* Assignment2_MitUITests */,
				4A7E43E82727251E0085C332 /* Products */,
			);
			sourceTree = "<group>";
		};
		4A7E43E82727251E0085C332 /* Products */ = {
			isa = PBXGroup;
			children = (
				4A7E43E72727251E0085C332 /* Assignment2_Mit.app */,
				4A7E43FD2727252B0085C332 /* Assignment2_MitTests.xctest */,
				4A7E44082727252B0085C332 /* Assignment2_MitUITests.xctest */,
			);
			name = Products;
			sourceTree = "<group>";
		};
		4A7E43E92727251E0085C332 /* Assignment2_Mit */ = {
			isa = PBXGroup;
			children = (
				4A8A786E27274A6E0057C207 /* Model */,
				4A7E43EA2727251E0085C332 /* AppDelegate.swift */,
				4A7E43EC2727251E0085C332 /* SceneDelegate.swift */,
				4A7E43EE2727251E0085C332 /* ViewController.swift */,
				4A7E43F02727251E0085C332 /* Main.storyboard */,
				4A7E43F32727252B0085C332 /* Assets.xcassets */,
				4A7E43F52727252B0085C332 /* LaunchScreen.storyboard */,
				4A7E43F82727252B0085C332 /* Info.plist */,
				4A7928FE272C66530022179A /* myCustomButton.swift */,
				4A7928FF272C66530022179A /* myCustomTableViewCell.swift */,
				4AE25A47272C7E8400CFCCAD /* ManagerViewController.swift */,
				4AE25A4C272C868A00CFCCAD /* HistoryItemViewController.swift */,
				4AE25A51272C87DA00CFCCAD /* RestockViewController.swift */,
			);
			path = Assignment2_Mit;
			sourceTree = "<group>";
		};
		4A7E44002727252B0085C332 /* Assignment2_MitTests */ = {
			isa = PBXGroup;
			children = (
				4A7E44012727252B0085C332 /* Assignment2_MitTests.swift */,
				4A7E44032727252B0085C332 /* Info.plist */,
			);
			path = Assignment2_MitTests;
			sourceTree = "<group>";
		};
		4A7E440B2727252B0085C332 /* Assignment2_MitUITests */ = {
			isa = PBXGroup;
			children = (
				4A7E440C2727252B0085C332 /* Assignment2_MitUITests.swift */,
				4A7E440E2727252B0085C332 /* Info.plist */,
			);
			path = Assignment2_MitUITests;
			sourceTree = "<group>";
		};
		4A8A786E27274A6E0057C207 /* Model */ = {
			isa = PBXGroup;
			children = (
				4A8A786F27274AA10057C207 /* Item.swift */,
				4A8A787727274CFC0057C207 /* Manager.swift */,
				4A28BF80272C9A990062147A /* History.swift */,
			);
			path = Model;
			sourceTree = "<group>";
		};
/* End PBXGroup section */

/* Begin PBXNativeTarget section */
		4A7E43E62727251E0085C332 /* Assignment2_Mit */ = {
			isa = PBXNativeTarget;
			buildConfigurationList = 4A7E44112727252B0085C332 /* Build configuration list for PBXNativeTarget "Assignment2_Mit" */;
			buildPhases = (
				4A7E43E32727251E0085C332 /* Sources */,
				4A7E43E42727251E0085C332 /* Frameworks */,
				4A7E43E52727251E0085C332 /* Resources */,
			);
			buildRules = (
			);
			dependencies = (
			);
			name = Assignment2_Mit;
			productName = Assignment2_Mit;
			productReference = 4A7E43E72727251E0085C332 /* Assignment2_Mit.app */;
			productType = "com.apple.product-type.application";
		};
		4A7E43FC2727252B0085C332 /* Assignment2_MitTests */ = {
			isa = PBXNativeTarget;
			buildConfigurationList = 4A7E44142727252B0085C332 /* Build configuration list for PBXNativeTarget "Assignment2_MitTests" */;
			buildPhases = (
				4A7E43F92727252B0085C332 /* Sources */,
				4A7E43FA2727252B0085C332 /* Frameworks */,
				4A7E43FB2727252B0085C332 /* Resources */,
			);
			buildRules = (
			);
			dependencies = (
				4A7E43FF2727252B0085C332 /* PBXTargetDependency */,
			);
			name = Assignment2_MitTests;
			productName = Assignment2_MitTests;
			productReference = 4A7E43FD2727252B0085C332 /* Assignment2_MitTests.xctest */;
			productType = "com.apple.product-type.bundle.unit-test";
		};
		4A7E44072727252B0085C332 /* Assignment2_MitUITests */ = {
			isa = PBXNativeTarget;
			buildConfigurationList = 4A7E44172727252B0085C332 /* Build configuration list for PBXNativeTarget "Assignment2_MitUITests" */;
			buildPhases = (
				4A7E44042727252B0085C332 /* Sources */,
				4A7E44052727252B0085C332 /* Frameworks */,
				4A7E44062727252B0085C332 /* Resources */,
			);
			buildRules = (
			);
			dependencies = (
				4A7E440A2727252B0085C332 /* PBXTargetDependency */,
			);
			name = Assignment2_MitUITests;
			productName = Assignment2_MitUITests;
			productReference = 4A7E44082727252B0085C332 /* Assignment2_MitUITests.xctest */;
			productType = "com.apple.product-type.bundle.ui-testing";
		};
/* End PBXNativeTarget section */

/* Begin PBXProject section */
		4A7E43DF2727251E0085C332 /* Project object */ = {
			isa = PBXProject;
			attributes = {
				LastSwiftUpdateCheck = 1230;
				LastUpgradeCheck = 1230;
				TargetAttributes = {
					4A7E43E62727251E0085C332 = {
						CreatedOnToolsVersion = 12.3;
					};
					4A7E43FC2727252B0085C332 = {
						CreatedOnToolsVersion = 12.3;
						TestTargetID = 4A7E43E62727251E0085C332;
					};
					4A7E44072727252B0085C332 = {
						CreatedOnToolsVersion = 12.3;
						TestTargetID = 4A7E43E62727251E0085C332;
					};
				};
			};
			buildConfigurationList = 4A7E43E22727251E0085C332 /* Build configuration list for PBXProject "Assignment2_Mit" */;
			compatibilityVersion = "Xcode 9.3";
			developmentRegion = en;
			hasScannedForEncodings = 0;
			knownRegions = (
				en,
				Base,
			);
			mainGroup = 4A7E43DE2727251E0085C332;
			productRefGroup = 4A7E43E82727251E0085C332 /* Products */;
			projectDirPath = "";
			projectRoot = "";
			targets = (
				4A7E43E62727251E0085C332 /* Assignment2_Mit */,
				4A7E43FC2727252B0085C332 /* Assignment2_MitTests */,
				4A7E44072727252B0085C332 /* Assignment2_MitUITests */,
			);
		};
/* End PBXProject section */

/* Begin PBXResourcesBuildPhase section */
		4A7E43E52727251E0085C332 /* Resources */ = {
			isa = PBXResourcesBuildPhase;
			buildActionMask = 2147483647;
			files = (
				4A7E43F72727252B0085C332 /* LaunchScreen.storyboard in Resources */,
				4A7E43F42727252B0085C332 /* Assets.xcassets in Resources */,
				4A7E43F22727251E0085C332 /* Main.storyboard in Resources */,
			);
			runOnlyForDeploymentPostprocessing = 0;
		};
		4A7E43FB2727252B0085C332 /* Resources */ = {
			isa = PBXResourcesBuildPhase;
			buildActionMask = 2147483647;
			files = (
			);
			runOnlyForDeploymentPostprocessing = 0;
		};
		4A7E44062727252B0085C332 /* Resources */ = {
			isa = PBXResourcesBuildPhase;
			buildActionMask = 2147483647;
			files = (
			);
			runOnlyForDeploymentPostprocessing = 0;
		};
/* End PBXResourcesBuildPhase section */

/* Begin PBXSourcesBuildPhase section */
		4A7E43E32727251E0085C332 /* Sources */ = {
			isa = PBXSourcesBuildPhase;
			buildActionMask = 2147483647;
			files = (
				4AE25A48272C7E8400CFCCAD /* ManagerViewController.swift in Sources */,
				4A792900272C66530022179A /* myCustomButton.swift in Sources */,
				4A8A787027274AA10057C207 /* Item.swift in Sources */,
				4A28BF81272C9A990062147A /* History.swift in Sources */,
				4A792901272C66530022179A /* myCustomTableViewCell.swift in Sources */,
				4AE25A4D272C868A00CFCCAD /* HistoryItemViewController.swift in Sources */,
				4A7E43EF2727251E0085C332 /* ViewController.swift in Sources */,
				4A7E43EB2727251E0085C332 /* AppDelegate.swift in Sources */,
				4A7E43ED2727251E0085C332 /* SceneDelegate.swift in Sources */,
				4AE25A52272C87DA00CFCCAD /* RestockViewController.swift in Sources */,
				4A8A787827274CFC0057C207 /* Manager.swift in Sources */,
			);
			runOnlyForDeploymentPostprocessing = 0;
		};
		4A7E43F92727252B0085C332 /* Sources */ = {
			isa = PBXSourcesBuildPhase;
			buildActionMask = 2147483647;
			files = (
				4A7E44022727252B0085C332 /* Assignment2_MitTests.swift in Sources */,
			);
			runOnlyForDeploymentPostprocessing = 0;
		};
		4A7E44042727252B0085C332 /* Sources */ = {
			isa = PBXSourcesBuildPhase;
			buildActionMask = 2147483647;
			files = (
				4A7E440D2727252B0085C332 /* Assignment2_MitUITests.swift in Sources */,
			);
			runOnlyForDeploymentPostprocessing = 0;
		};
/* End PBXSourcesBuildPhase section */

/* Begin PBXTargetDependency section */
		4A7E43FF2727252B0085C332 /* PBXTargetDependency */ = {
			isa = PBXTargetDependency;
			target = 4A7E43E62727251E0085C332 /* Assignment2_Mit */;
			targetProxy = 4A7E43FE2727252B0085C332 /* PBXContainerItemProxy */;
		};
		4A7E440A2727252B0085C332 /* PBXTargetDependency */ = {
			isa = PBXTargetDependency;
			target = 4A7E43E62727251E0085C332 /* Assignment2_Mit */;
			targetProxy = 4A7E44092727252B0085C332 /* PBXContainerItemProxy */;
		};
/* End PBXTargetDependency section */

/* Begin PBXVariantGroup section */
		4A7E43F02727251E0085C332 /* Main.storyboard */ = {
			isa = PBXVariantGroup;
			children = (
				4A7E43F12727251E0085C332 /* Base */,
			);
			name = Main.storyboard;
			sourceTree = "<group>";
		};
		4A7E43F52727252B0085C332 /* LaunchScreen.storyboard */ = {
			isa = PBXVariantGroup;
			children = (
				4A7E43F62727252B0085C332 /* Base */,
			);
			name = LaunchScreen.storyboard;
			sourceTree = "<group>";
		};
/* End PBXVariantGroup section */

/* Begin XCBuildConfiguration section */
		4A7E440F2727252B0085C332 /* Debug */ = {
			isa = XCBuildConfiguration;
			buildSettings = {
				ALWAYS_SEARCH_USER_PATHS = NO;
				CLANG_ANALYZER_NONNULL = YES;
				CLANG_ANALYZER_NUMBER_OBJECT_CONVERSION = YES_AGGRESSIVE;
				CLANG_CXX_LANGUAGE_STANDARD = "gnu++14";
				CLANG_CXX_LIBRARY = "libc++";
				CLANG_ENABLE_MODULES = YES;
				CLANG_ENABLE_OBJC_ARC = YES;
				CLANG_ENABLE_OBJC_WEAK = YES;
				CLANG_WARN_BLOCK_CAPTURE_AUTORELEASING = YES;
				CLANG_WARN_BOOL_CONVERSION = YES;
				CLANG_WARN_COMMA = YES;
				CLANG_WARN_CONSTANT_CONVERSION = YES;
				CLANG_WARN_DEPRECATED_OBJC_IMPLEMENTATIONS = YES;
				CLANG_WARN_DIRECT_OBJC_ISA_USAGE = YES_ERROR;
				CLANG_WARN_DOCUMENTATION_COMMENTS = YES;
				CLANG_WARN_EMPTY_BODY = YES;
				CLANG_WARN_ENUM_CONVERSION = YES;
				CLANG_WARN_INFINITE_RECURSION = YES;
				CLANG_WARN_INT_CONVERSION = YES;
				CLANG_WARN_NON_LITERAL_NULL_CONVERSION = YES;
				CLANG_WARN_OBJC_IMPLICIT_RETAIN_SELF = YES;
				CLANG_WARN_OBJC_LITERAL_CONVERSION = YES;
				CLANG_WARN_OBJC_ROOT_CLASS = YES_ERROR;
				CLANG_WARN_QUOTED_INCLUDE_IN_FRAMEWORK_HEADER = YES;
				CLANG_WARN_RANGE_LOOP_ANALYSIS = YES;
				CLANG_WARN_STRICT_PROTOTYPES = YES;
				CLANG_WARN_SUSPICIOUS_MOVE = YES;
				CLANG_WARN_UNGUARDED_AVAILABILITY = YES_AGGRESSIVE;
				CLANG_WARN_UNREACHABLE_CODE = YES;
				CLANG_WARN__DUPLICATE_METHOD_MATCH = YES;
				COPY_PHASE_STRIP = NO;
				DEBUG_INFORMATION_FORMAT = dwarf;
				ENABLE_STRICT_OBJC_MSGSEND = YES;
				ENABLE_TESTABILITY = YES;
				GCC_C_LANGUAGE_STANDARD = gnu11;
				GCC_DYNAMIC_NO_PIC = NO;
				GCC_NO_COMMON_BLOCKS = YES;
				GCC_OPTIMIZATION_LEVEL = 0;
				GCC_PREPROCESSOR_DEFINITIONS = (
					"DEBUG=1",
					"$(inherited)",
				);
				GCC_WARN_64_TO_32_BIT_CONVERSION = YES;
				GCC_WARN_ABOUT_RETURN_TYPE = YES_ERROR;
				GCC_WARN_UNDECLARED_SELECTOR = YES;
				GCC_WARN_UNINITIALIZED_AUTOS = YES_AGGRESSIVE;
				GCC_WARN_UNUSED_FUNCTION = YES;
				GCC_WARN_UNUSED_VARIABLE = YES;
				IPHONEOS_DEPLOYMENT_TARGET = 14.3;
				MTL_ENABLE_DEBUG_INFO = INCLUDE_SOURCE;
				MTL_FAST_MATH = YES;
				ONLY_ACTIVE_ARCH = YES;
				SDKROOT = iphoneos;
				SWIFT_ACTIVE_COMPILATION_CONDITIONS = DEBUG;
				SWIFT_OPTIMIZATION_LEVEL = "-Onone";
			};
			name = Debug;
		};
		4A7E44102727252B0085C332 /* Release */ = {
			isa = XCBuildConfiguration;
			buildSettings = {
				ALWAYS_SEARCH_USER_PATHS = NO;
				CLANG_ANALYZER_NONNULL = YES;
				CLANG_ANALYZER_NUMBER_OBJECT_CONVERSION = YES_AGGRESSIVE;
				CLANG_CXX_LANGUAGE_STANDARD = "gnu++14";
				CLANG_CXX_LIBRARY = "libc++";
				CLANG_ENABLE_MODULES = YES;
				CLANG_ENABLE_OBJC_ARC = YES;
				CLANG_ENABLE_OBJC_WEAK = YES;
				CLANG_WARN_BLOCK_CAPTURE_AUTORELEASING = YES;
				CLANG_WARN_BOOL_CONVERSION = YES;
				CLANG_WARN_COMMA = YES;
				CLANG_WARN_CONSTANT_CONVERSION = YES;
				CLANG_WARN_DEPRECATED_OBJC_IMPLEMENTATIONS = YES;
				CLANG_WARN_DIRECT_OBJC_ISA_USAGE = YES_ERROR;
				CLANG_WARN_DOCUMENTATION_COMMENTS = YES;
				CLANG_WARN_EMPTY_BODY = YES;
				CLANG_WARN_ENUM_CONVERSION = YES;
				CLANG_WARN_INFINITE_RECURSION = YES;
				CLANG_WARN_INT_CONVERSION = YES;
				CLANG_WARN_NON_LITERAL_NULL_CONVERSION = YES;
				CLANG_WARN_OBJC_IMPLICIT_RETAIN_SELF = YES;
				CLANG_WARN_OBJC_LITERAL_CONVERSION = YES;
				CLANG_WARN_OBJC_ROOT_CLASS = YES_ERROR;
				CLANG_WARN_QUOTED_INCLUDE_IN_FRAMEWORK_HEADER = YES;
				CLANG_WARN_RANGE_LOOP_ANALYSIS = YES;
				CLANG_WARN_STRICT_PROTOTYPES = YES;
				CLANG_WARN_SUSPICIOUS_MOVE = YES;
				CLANG_WARN_UNGUARDED_AVAILABILITY = YES_AGGRESSIVE;
				CLANG_WARN_UNREACHABLE_CODE = YES;
				CLANG_WARN__DUPLICATE_METHOD_MATCH = YES;
				COPY_PHASE_STRIP = NO;
				DEBUG_INFORMATION_FORMAT = "dwarf-with-dsym";
				ENABLE_NS_ASSERTIONS = NO;
				ENABLE_STRICT_OBJC_MSGSEND = YES;
				GCC_C_LANGUAGE_STANDARD = gnu11;
				GCC_NO_COMMON_BLOCKS = YES;
				GCC_WARN_64_TO_32_BIT_CONVERSION = YES;
				GCC_WARN_ABOUT_RETURN_TYPE = YES_ERROR;
				GCC_WARN_UNDECLARED_SELECTOR = YES;
				GCC_WARN_UNINITIALIZED_AUTOS = YES_AGGRESSIVE;
				GCC_WARN_UNUSED_FUNCTION = YES;
				GCC_WARN_UNUSED_VARIABLE = YES;
				IPHONEOS_DEPLOYMENT_TARGET = 14.3;
				MTL_ENABLE_DEBUG_INFO = NO;
				MTL_FAST_MATH = YES;
				SDKROOT = iphoneos;
				SWIFT_COMPILATION_MODE = wholemodule;
				SWIFT_OPTIMIZATION_LEVEL = "-O";
				VALIDATE_PRODUCT = YES;
			};
			name = Release;
		};
		4A7E44122727252B0085C332 /* Debug */ = {
			isa = XCBuildConfiguration;
			buildSettings = {
				ASSETCATALOG_COMPILER_APPICON_NAME = AppIcon;
				ASSETCATALOG_COMPILER_GLOBAL_ACCENT_COLOR_NAME = AccentColor;
				CODE_SIGN_STYLE = Automatic;
				INFOPLIST_FILE = Assignment2_Mit/Info.plist;
				LD_RUNPATH_SEARCH_PATHS = (
					"$(inherited)",
					"@executable_path/Frameworks",
				);
				PRODUCT_BUNDLE_IDENTIFIER = "n01415959.Assignment2-Mit";
				PRODUCT_NAME = "$(TARGET_NAME)";
				SWIFT_VERSION = 5.0;
				TARGETED_DEVICE_FAMILY = "1,2";
			};
			name = Debug;
		};
		4A7E44132727252B0085C332 /* Release */ = {
			isa = XCBuildConfiguration;
			buildSettings = {
				ASSETCATALOG_COMPILER_APPICON_NAME = AppIcon;
				ASSETCATALOG_COMPILER_GLOBAL_ACCENT_COLOR_NAME = AccentColor;
				CODE_SIGN_STYLE = Automatic;
				INFOPLIST_FILE = Assignment2_Mit/Info.plist;
				LD_RUNPATH_SEARCH_PATHS = (
					"$(inherited)",
					"@executable_path/Frameworks",
				);
				PRODUCT_BUNDLE_IDENTIFIER = "n01415959.Assignment2-Mit";
				PRODUCT_NAME = "$(TARGET_NAME)";
				SWIFT_VERSION = 5.0;
				TARGETED_DEVICE_FAMILY = "1,2";
			};
			name = Release;
		};
		4A7E44152727252B0085C332 /* Debug */ = {
			isa = XCBuildConfiguration;
			buildSettings = {
				ALWAYS_EMBED_SWIFT_STANDARD_LIBRARIES = YES;
				BUNDLE_LOADER = "$(TEST_HOST)";
				CODE_SIGN_STYLE = Automatic;
				INFOPLIST_FILE = Assignment2_MitTests/Info.plist;
				IPHONEOS_DEPLOYMENT_TARGET = 14.3;
				LD_RUNPATH_SEARCH_PATHS = (
					"$(inherited)",
					"@executable_path/Frameworks",
					"@loader_path/Frameworks",
				);
				PRODUCT_BUNDLE_IDENTIFIER = "n01415959.Assignment2-MitTests";
				PRODUCT_NAME = "$(TARGET_NAME)";
				SWIFT_VERSION = 5.0;
				TARGETED_DEVICE_FAMILY = "1,2";
				TEST_HOST = "$(BUILT_PRODUCTS_DIR)/Assignment2_Mit.app/Assignment2_Mit";
			};
			name = Debug;
		};
		4A7E44162727252B0085C332 /* Release */ = {
			isa = XCBuildConfiguration;
			buildSettings = {
				ALWAYS_EMBED_SWIFT_STANDARD_LIBRARIES = YES;
				BUNDLE_LOADER = "$(TEST_HOST)";
				CODE_SIGN_STYLE = Automatic;
				INFOPLIST_FILE = Assignment2_MitTests/Info.plist;
				IPHONEOS_DEPLOYMENT_TARGET = 14.3;
				LD_RUNPATH_SEARCH_PATHS = (
					"$(inherited)",
					"@executable_path/Frameworks",
					"@loader_path/Frameworks",
				);
				PRODUCT_BUNDLE_IDENTIFIER = "n01415959.Assignment2-MitTests";
				PRODUCT_NAME = "$(TARGET_NAME)";
				SWIFT_VERSION = 5.0;
				TARGETED_DEVICE_FAMILY = "1,2";
				TEST_HOST = "$(BUILT_PRODUCTS_DIR)/Assignment2_Mit.app/Assignment2_Mit";
			};
			name = Release;
		};
		4A7E44182727252B0085C332 /* Debug */ = {
			isa = XCBuildConfiguration;
			buildSettings = {
				ALWAYS_EMBED_SWIFT_STANDARD_LIBRARIES = YES;
				CODE_SIGN_STYLE = Automatic;
				INFOPLIST_FILE = Assignment2_MitUITests/Info.plist;
				LD_RUNPATH_SEARCH_PATHS = (
					"$(inherited)",
					"@executable_path/Frameworks",
					"@loader_path/Frameworks",
				);
				PRODUCT_BUNDLE_IDENTIFIER = "n01415959.Assignment2-MitUITests";
				PRODUCT_NAME = "$(TARGET_NAME)";
				SWIFT_VERSION = 5.0;
				TARGETED_DEVICE_FAMILY = "1,2";
				TEST_TARGET_NAME = Assignment2_Mit;
			};
			name = Debug;
		};
		4A7E44192727252B0085C332 /* Release */ = {
			isa = XCBuildConfiguration;
			buildSettings = {
				ALWAYS_EMBED_SWIFT_STANDARD_LIBRARIES = YES;
				CODE_SIGN_STYLE = Automatic;
				INFOPLIST_FILE = Assignment2_MitUITests/Info.plist;
				LD_RUNPATH_SEARCH_PATHS = (
					"$(inherited)",
					"@executable_path/Frameworks",
					"@loader_path/Frameworks",
				);
				PRODUCT_BUNDLE_IDENTIFIER = "n01415959.Assignment2-MitUITests";
				PRODUCT_NAME = "$(TARGET_NAME)";
				SWIFT_VERSION = 5.0;
				TARGETED_DEVICE_FAMILY = "1,2";
				TEST_TARGET_NAME = Assignment2_Mit;
			};
			name = Release;
		};
/* End XCBuildConfiguration section */

/* Begin XCConfigurationList section */
		4A7E43E22727251E0085C332 /* Build configuration list for PBXProject "Assignment2_Mit" */ = {
			isa = XCConfigurationList;
			buildConfigurations = (
				4A7E440F2727252B0085C332 /* Debug */,
				4A7E44102727252B0085C332 /* Release */,
			);
			defaultConfigurationIsVisible = 0;
			defaultConfigurationName = Release;
		};
		4A7E44112727252B0085C332 /* Build configuration list for PBXNativeTarget "Assignment2_Mit" */ = {
			isa = XCConfigurationList;
			buildConfigurations = (
				4A7E44122727252B0085C332 /* Debug */,
				4A7E44132727252B0085C332 /* Release */,
			);
			defaultConfigurationIsVisible = 0;
			defaultConfigurationName = Release;
		};
		4A7E44142727252B0085C332 /* Build configuration list for PBXNativeTarget "Assignment2_MitTests" */ = {
			isa = XCConfigurationList;
			buildConfigurations = (
				4A7E44152727252B0085C332 /* Debug */,
				4A7E44162727252B0085C332 /* Release */,
			);
			defaultConfigurationIsVisible = 0;
			defaultConfigurationName = Release;
		};
		4A7E44172727252B0085C332 /* Build configuration list for PBXNativeTarget "Assignment2_MitUITests" */ = {
			isa = XCConfigurationList;
			buildConfigurations = (
				4A7E44182727252B0085C332 /* Debug */,
				4A7E44192727252B0085C332 /* Release */,
			);
			defaultConfigurationIsVisible = 0;
			defaultConfigurationName = Release;
		};
/* End XCConfigurationList section */
	};
	rootObject = 4A7E43DF2727251E0085C332 /* Project object */;
}
